Microsoft Visual Studio Solution File, Format Version 12.00
# Visual Studio Version 17
VisualStudioVersion = 17.5.2.0
MinimumVisualStudioVersion = 10.0.40219.1
Project("{FAE04EC0-301F-11D3-BF4B-00C04F79EFBC}") = "Adding2NumbersProject", "Adding2NumbersProject.csproj", "{39739A7C-CAFC-758C-EE1D-2818D2343D13}"
EndProject
Global
	GlobalSection(SolutionConfigurationPlatforms) = preSolution
		Debug|Any CPU = Debug|Any CPU
		Release|Any CPU = Release|Any CPU
	EndGlobalSection
	GlobalSection(ProjectConfigurationPlatforms) = postSolution
		{39739A7C-CAFC-758C-EE1D-2818D2343D13}.Debug|Any CPU.ActiveCfg = Debug|Any CPU
		{39739A7C-CAFC-758C-EE1D-2818D2343D13}.Debug|Any CPU.Build.0 = Debug|Any CPU
		{39739A7C-CAFC-758C-EE1D-2818D2343D13}.Release|Any CPU.ActiveCfg = Release|Any CPU
		{39739A7C-CAFC-758C-EE1D-2818D2343D13}.Release|Any CPU.Build.0 = Release|Any CPU
	EndGlobalSection
	GlobalSection(SolutionProperties) = preSolution
		HideSolutionNode = FALSE
	EndGlobalSection
	GlobalSection(ExtensibilityGlobals) = postSolution
		SolutionGuid = {3279CC7B-3E8A-462C-9291-8211F11EBE58}
	EndGlobalSection
EndGlobal
